
Microsoft Visual Studio Solution File, Format Version 12.00
# Visual Studio Version 16
VisualStudioVersion = 16.0.31515.178
MinimumVisualStudioVersion = 10.0.40219.1
Project("{F184B08F-C81C-45F6-A57F-5ABD9991F28F}") = "201503689_CUBRECAMAS", "201503689_CUBRECAMAS.vbproj", "{A218EBB6-AB21-484C-8E6E-FD073556D1F0}"
EndProject
Global
	GlobalSection(SolutionConfigurationPlatforms) = preSolution
		Debug|Any CPU = Debug|Any CPU
		Release|Any CPU = Release|Any CPU
	EndGlobalSection
	GlobalSection(ProjectConfigurationPlatforms) = postSolution
		{A218EBB6-AB21-484C-8E6E-FD073556D1F0}.Debug|Any CPU.ActiveCfg = Debug|Any CPU
		{A218EBB6-AB21-484C-8E6E-FD073556D1F0}.Debug|Any CPU.Build.0 = Debug|Any CPU
		{A218EBB6-AB21-484C-8E6E-FD073556D1F0}.Release|Any CPU.ActiveCfg = Release|Any CPU
		{A218EBB6-AB21-484C-8E6E-FD073556D1F0}.Release|Any CPU.Build.0 = Release|Any CPU
	EndGlobalSection
	GlobalSection(SolutionProperties) = preSolution
		HideSolutionNode = FALSE
	EndGlobalSection
	GlobalSection(ExtensibilityGlobals) = postSolution
		SolutionGuid = {0F1723A8-2C78-4E2D-A24B-5CA7B94ACF86}
	EndGlobalSection
EndGlobal
